Microsoft Visual Studio Solution File, Format Version 12.00
# Visual Studio 2012
Project("{FAE04EC0-301F-11D3-BF4B-00C04F79EFBC}") = "Flappy_Bird", "Flappy_Bird.csproj", "{0010EE26-05E5-4C95-9924-E7377BF1268F}"
EndProject
Global
	GlobalSection(SolutionConfigurationPlatforms) = preSolution
	Debug|Any CPU = Debug|Any CPU
	ExportDebug|Any CPU = ExportDebug|Any CPU
	ExportRelease|Any CPU = ExportRelease|Any CPU
	EndGlobalSection
	GlobalSection(ProjectConfigurationPlatforms) = postSolution
		{0010EE26-05E5-4C95-9924-E7377BF1268F}.Debug|Any CPU.ActiveCfg = Debug|Any CPU
		{0010EE26-05E5-4C95-9924-E7377BF1268F}.Debug|Any CPU.Build.0 = Debug|Any CPU
		{0010EE26-05E5-4C95-9924-E7377BF1268F}.ExportDebug|Any CPU.ActiveCfg = ExportDebug|Any CPU
		{0010EE26-05E5-4C95-9924-E7377BF1268F}.ExportDebug|Any CPU.Build.0 = ExportDebug|Any CPU
		{0010EE26-05E5-4C95-9924-E7377BF1268F}.ExportRelease|Any CPU.ActiveCfg = ExportRelease|Any CPU
		{0010EE26-05E5-4C95-9924-E7377BF1268F}.ExportRelease|Any CPU.Build.0 = ExportRelease|Any CPU
	EndGlobalSection
EndGlobal
